{
    "name": "games",
    "lockfileVersion": 2,
    "requires": true,
    "packages": {
        "": {
            "dependencies": {
                "playwright": "^1.43.1",
                "random-words": "^2.0.1",
                "randomcolor": "^0.6.2",
                "selenium": "^2.20.0"
            }
        },
        "node_modules/fsevents": {
            "version": "2.3.2",
            "resolved": "https://registry.npmjs.org/fsevents/-/fsevents-2.3.2.tgz",
            "integrity": "sha512-xiqMQR4xAeHTuB9uWm+fFRcIOgKBMiOBP+eXiyT7jsgVCq1bkVygt00oASowB7EdtpOHaaPgKt812P9ab+DDKA==",
            "hasInstallScript": true,
            "optional": true,
            "os": [
                "darwin"
            ],
            "engines": {
                "node": "^8.16.0 || ^10.6.0 || >=11.0.0"
            }
        },
        "node_modules/playwright": {
            "version": "1.43.1",
            "resolved": "https://registry.npmjs.org/playwright/-/playwright-1.43.1.tgz",
            "integrity": "sha512-V7SoH0ai2kNt1Md9E3Gwas5B9m8KR2GVvwZnAI6Pg0m3sh7UvgiYhRrhsziCmqMJNouPckiOhk8T+9bSAK0VIA==",
            "dependencies": {
                "playwright-core": "1.43.1"
            },
            "bin": {
                "playwright": "cli.js"
            },
            "engines": {
                "node": ">=16"
            },
            "optionalDependencies": {
                "fsevents": "2.3.2"
            }
        },
        "node_modules/playwright-core": {
            "version": "1.43.1",
            "resolved": "https://registry.npmjs.org/playwright-core/-/playwright-core-1.43.1.tgz",
            "integrity": "sha512-EI36Mto2Vrx6VF7rm708qSnesVQKbxEWvPrfA1IPY6HgczBplDx7ENtx+K2n4kJ41sLLkuGfmb0ZLSSXlDhqPg==",
            "bin": {
                "playwright-core": "cli.js"
            },
            "engines": {
                "node": ">=16"
            }
        },
        "node_modules/random-words": {
            "version": "2.0.1",
            "resolved": "https://registry.npmjs.org/random-words/-/random-words-2.0.1.tgz",
            "integrity": "sha512-nZNJAmgcFmtJMTDDIUCm/iK4R6RydC6NvALvWhYItXQrgYGk1F7Gww416LpVROFQtfVd5TaLEf4WuSsko03N7w==",
            "dependencies": {
                "seedrandom": "^3.0.5"
            }
        },
        "node_modules/randomcolor": {
            "version": "0.6.2",
            "resolved": "https://registry.npmjs.org/randomcolor/-/randomcolor-0.6.2.tgz",
            "integrity": "sha512-Mn6TbyYpFgwFuQ8KJKqf3bqqY9O1y37/0jgSK/61PUxV4QfIMv0+K2ioq8DfOjkBslcjwSzRfIDEXfzA9aCx7A=="
        },
        "node_modules/seedrandom": {
            "version": "3.0.5",
            "resolved": "https://registry.npmjs.org/seedrandom/-/seedrandom-3.0.5.tgz",
            "integrity": "sha512-8OwmbklUNzwezjGInmZ+2clQmExQPvomqjL7LFqOYqtmuxRgQYqOD3mHaU+MvZn5FLUeVxVfQjwLZW/n/JFuqg=="
        },
        "node_modules/selenium": {
            "version": "2.20.0",
            "resolved": "https://registry.npmjs.org/selenium/-/selenium-2.20.0.tgz",
            "integrity": "sha512-Rs3db66ZOrs55MKWNAncCQiNLwYbQswDMVbyutT/8utJTkO8FzhdQT/0UG2xFMxdqxcxxVUnpHlyTGHi43mtSg==",
            "bin": {
                "selenium": "bin/selenium"
            },
            "engines": {
                "node": "> 0.4.x"
            }
        }
    },
    "dependencies": {
        "fsevents": {
            "version": "2.3.2",
            "resolved": "https://registry.npmjs.org/fsevents/-/fsevents-2.3.2.tgz",
            "integrity": "sha512-xiqMQR4xAeHTuB9uWm+fFRcIOgKBMiOBP+eXiyT7jsgVCq1bkVygt00oASowB7EdtpOHaaPgKt812P9ab+DDKA==",
            "optional": true
        },
        "playwright": {
            "version": "1.43.1",
            "resolved": "https://registry.npmjs.org/playwright/-/playwright-1.43.1.tgz",
            "integrity": "sha512-V7SoH0ai2kNt1Md9E3Gwas5B9m8KR2GVvwZnAI6Pg0m3sh7UvgiYhRrhsziCmqMJNouPckiOhk8T+9bSAK0VIA==",
            "requires": {
                "fsevents": "2.3.2",
                "playwright-core": "1.43.1"
            }
        },
        "playwright-core": {
            "version": "1.43.1",
            "resolved": "https://registry.npmjs.org/playwright-core/-/playwright-core-1.43.1.tgz",
            "integrity": "sha512-EI36Mto2Vrx6VF7rm708qSnesVQKbxEWvPrfA1IPY6HgczBplDx7ENtx+K2n4kJ41sLLkuGfmb0ZLSSXlDhqPg=="
        },
        "random-words": {
            "version": "2.0.1",
            "resolved": "https://registry.npmjs.org/random-words/-/random-words-2.0.1.tgz",
            "integrity": "sha512-nZNJAmgcFmtJMTDDIUCm/iK4R6RydC6NvALvWhYItXQrgYGk1F7Gww416LpVROFQtfVd5TaLEf4WuSsko03N7w==",
            "requires": {
                "seedrandom": "^3.0.5"
            }
        },
        "randomcolor": {
            "version": "0.6.2",
            "resolved": "https://registry.npmjs.org/randomcolor/-/randomcolor-0.6.2.tgz",
            "integrity": "sha512-Mn6TbyYpFgwFuQ8KJKqf3bqqY9O1y37/0jgSK/61PUxV4QfIMv0+K2ioq8DfOjkBslcjwSzRfIDEXfzA9aCx7A=="
        },
        "seedrandom": {
            "version": "3.0.5",
            "resolved": "https://registry.npmjs.org/seedrandom/-/seedrandom-3.0.5.tgz",
            "integrity": "sha512-8OwmbklUNzwezjGInmZ+2clQmExQPvomqjL7LFqOYqtmuxRgQYqOD3mHaU+MvZn5FLUeVxVfQjwLZW/n/JFuqg=="
        },
        "selenium": {
            "version": "2.20.0",
            "resolved": "https://registry.npmjs.org/selenium/-/selenium-2.20.0.tgz",
            "integrity": "sha512-Rs3db66ZOrs55MKWNAncCQiNLwYbQswDMVbyutT/8utJTkO8FzhdQT/0UG2xFMxdqxcxxVUnpHlyTGHi43mtSg=="
        }
    }
}
